$begin 'ConnectionParameters'
	DesktopProcessID=18216
	DesktopProcessPath='E:\\Program FIles\\AnsysEM\\Ansys Student\\v212\\Win64\\ansysedtsv.exe'
	LaunchedByWB=false
	$begin 'DesktopStubBlock'
		$begin 'CommDetails'
			TransportType=1
			IPAddress='192.168.1.105'
			ListenPort='51543'
		$end 'CommDetails'
		$begin 'Marshall'
			InstanceID=503
			ProcID=18216
			InterfaceID=1
			FactoryIntID='DesktopInterfaceForWBProxyStubFactory'
		$end 'Marshall'
	$end 'DesktopStubBlock'
	$begin 'DesktopBackgroundObjStubBlock'
		$begin 'CommDetails'
			TransportType=1
			IPAddress='192.168.1.105'
			ListenPort='51543'
		$end 'CommDetails'
		$begin 'Marshall'
			InstanceID=505
			ProcID=18216
			InterfaceID=2
			FactoryIntID='DesktopInterfaceForWBProxyStubFactory'
		$end 'Marshall'
	$end 'DesktopBackgroundObjStubBlock'
$end 'ConnectionParameters'
